// !$*UTF8*$!
{
	archiveVersion = 1;
	classes = {
	};
	objectVersion = 46;
	objects = {

/* Begin PBXBuildFile section */
		820688771D9B452A008C1B7C /* PatientVC.m in Sources */ = {isa = PBXBuildFile; fileRef = 820688761D9B452A008C1B7C /* PatientVC.m */; };
		8206887A1D9B8708008C1B7C /* ReviewsVC.m in Sources */ = {isa = PBXBuildFile; fileRef = 820688791D9B8708008C1B7C /* ReviewsVC.m */; };
		8225867E1D88C31D0047C716 /* main.m in Sources */ = {isa = PBXBuildFile; fileRef = 8225867D1D88C31D0047C716 /* main.m */; };
		822586811D88C31D0047C716 /* AppDelegate.m in Sources */ = {isa = PBXBuildFile; fileRef = 822586801D88C31D0047C716 /* AppDelegate.m */; };
		822586871D88C31D0047C716 /* Main.storyboard in Resources */ = {isa = PBXBuildFile; fileRef = 822586851D88C31D0047C716 /* Main.storyboard */; };
		8225868A1D88C31D0047C716 /* aDoctor.xcdatamodeld in Sources */ = {isa = PBXBuildFile; fileRef = 822586881D88C31D0047C716 /* aDoctor.xcdatamodeld */; };
		8225868C1D88C31D0047C716 /* Assets.xcassets in Resources */ = {isa = PBXBuildFile; fileRef = 8225868B1D88C31D0047C716 /* Assets.xcassets */; };
		8225868F1D88C31D0047C716 /* LaunchScreen.storyboard in Resources */ = {isa = PBXBuildFile; fileRef = 8225868D1D88C31D0047C716 /* LaunchScreen.storyboard */; };
		82297E681D99D4290082E0AC /* LoginVC.m in Sources */ = {isa = PBXBuildFile; fileRef = 82297E671D99D4290082E0AC /* LoginVC.m */; };
		82297E6E1D9AC6870082E0AC /* PatientsVC.m in Sources */ = {isa = PBXBuildFile; fileRef = 82297E6D1D9AC6870082E0AC /* PatientsVC.m */; };
		8249729C1D9DA32E00016A58 /* CalendarVC.m in Sources */ = {isa = PBXBuildFile; fileRef = 8249729B1D9DA32E00016A58 /* CalendarVC.m */; };
		824972D91D9DBC3800016A58 /* CALayer+FSExtension.m in Sources */ = {isa = PBXBuildFile; fileRef = 824972B91D9DBC3800016A58 /* CALayer+FSExtension.m */; };
		824972DA1D9DBC3800016A58 /* FSCalendar+Deprecated.m in Sources */ = {isa = PBXBuildFile; fileRef = 824972BA1D9DBC3800016A58 /* FSCalendar+Deprecated.m */; };
		824972DB1D9DBC3800016A58 /* FSCalendar+IBExtension.m in Sources */ = {isa = PBXBuildFile; fileRef = 824972BC1D9DBC3800016A58 /* FSCalendar+IBExtension.m */; };
		824972DC1D9DBC3800016A58 /* FSCalendar.m in Sources */ = {isa = PBXBuildFile; fileRef = 824972BE1D9DBC3800016A58 /* FSCalendar.m */; };
		824972DD1D9DBC3800016A58 /* FSCalendarAnimator.m in Sources */ = {isa = PBXBuildFile; fileRef = 824972C01D9DBC3800016A58 /* FSCalendarAnimator.m */; };
		824972DE1D9DBC3800016A58 /* FSCalendarAppearance.m in Sources */ = {isa = PBXBuildFile; fileRef = 824972C21D9DBC3800016A58 /* FSCalendarAppearance.m */; };
		824972DF1D9DBC3800016A58 /* FSCalendarCell.m in Sources */ = {isa = PBXBuildFile; fileRef = 824972C41D9DBC3800016A58 /* FSCalendarCell.m */; };
		824972E01D9DBC3800016A58 /* FSCalendarCollectionView.m in Sources */ = {isa = PBXBuildFile; fileRef = 824972C61D9DBC3800016A58 /* FSCalendarCollectionView.m */; };
		824972E11D9DBC3800016A58 /* FSCalendarConstance.m in Sources */ = {isa = PBXBuildFile; fileRef = 824972C81D9DBC3800016A58 /* FSCalendarConstance.m */; };
		824972E21D9DBC3800016A58 /* FSCalendarEventIndicator.m in Sources */ = {isa = PBXBuildFile; fileRef = 824972CB1D9DBC3800016A58 /* FSCalendarEventIndicator.m */; };
		824972E31D9DBC3800016A58 /* FSCalendarFlowLayout.m in Sources */ = {isa = PBXBuildFile; fileRef = 824972CD1D9DBC3800016A58 /* FSCalendarFlowLayout.m */; };
		824972E41D9DBC3800016A58 /* FSCalendarHeader.m in Sources */ = {isa = PBXBuildFile; fileRef = 824972CF1D9DBC3800016A58 /* FSCalendarHeader.m */; };
		824972E51D9DBC3800016A58 /* FSCalendarScopeHandle.m in Sources */ = {isa = PBXBuildFile; fileRef = 824972D11D9DBC3800016A58 /* FSCalendarScopeHandle.m */; };
		824972E61D9DBC3800016A58 /* FSCalendarStickyHeader.m in Sources */ = {isa = PBXBuildFile; fileRef = 824972D31D9DBC3800016A58 /* FSCalendarStickyHeader.m */; };
		824972E71D9DBC3800016A58 /* Info.plist in Resources */ = {isa = PBXBuildFile; fileRef = 824972D41D9DBC3800016A58 /* Info.plist */; };
		824972E81D9DBC3800016A58 /* NSObject+FSExtension.m in Sources */ = {isa = PBXBuildFile; fileRef = 824972D61D9DBC3800016A58 /* NSObject+FSExtension.m */; };
		824972E91D9DBC3800016A58 /* UIView+FSExtension.m in Sources */ = {isa = PBXBuildFile; fileRef = 824972D81D9DBC3800016A58 /* UIView+FSExtension.m */; };
		827DF7651DA0A136002EDFDB /* NewAppointmentVC.m in Sources */ = {isa = PBXBuildFile; fileRef = 827DF7641DA0A136002EDFDB /* NewAppointmentVC.m */; };
		827DF76A1DA1873A002EDFDB /* NewPatientVC.m in Sources */ = {isa = PBXBuildFile; fileRef = 827DF7691DA1873A002EDFDB /* NewPatientVC.m */; };
/* End PBXBuildFile section */

/* Begin PBXFileReference section */
		820688751D9B452A008C1B7C /* PatientVC.h */ = {isa = PBXFileReference; fileEncoding = 4; lastKnownFileType = sourcecode.c.h; path = PatientVC.h; sourceTree = "<group>"; };
		820688761D9B452A008C1B7C /* PatientVC.m */ = {isa = PBXFileReference; fileEncoding = 4; lastKnownFileType = sourcecode.c.objc; path = PatientVC.m; sourceTree = "<group>"; };
		820688781D9B8708008C1B7C /* ReviewsVC.h */ = {isa = PBXFileReference; fileEncoding = 4; lastKnownFileType = sourcecode.c.h; path = ReviewsVC.h; sourceTree = "<group>"; };
		820688791D9B8708008C1B7C /* ReviewsVC.m */ = {isa = PBXFileReference; fileEncoding = 4; lastKnownFileType = sourcecode.c.objc; path = ReviewsVC.m; sourceTree = "<group>"; };
		822586791D88C31D0047C716 /* aDoctor.app */ = {isa = PBXFileReference; explicitFileType = wrapper.application; includeInIndex = 0; path = aDoctor.app; sourceTree = BUILT_PRODUCTS_DIR; };
		8225867D1D88C31D0047C716 /* main.m */ = {isa = PBXFileReference; lastKnownFileType = sourcecode.c.objc; path = main.m; sourceTree = "<group>"; };
		8225867F1D88C31D0047C716 /* AppDelegate.h */ = {isa = PBXFileReference; lastKnownFileType = sourcecode.c.h; path = AppDelegate.h; sourceTree = "<group>"; };
		822586801D88C31D0047C716 /* AppDelegate.m */ = {isa = PBXFileReference; lastKnownFileType = sourcecode.c.objc; path = AppDelegate.m; sourceTree = "<group>"; };
		822586861D88C31D0047C716 /* Base */ = {isa = PBXFileReference; lastKnownFileType = file.storyboard; name = Base; path = Base.lproj/Main.storyboard; sourceTree = "<group>"; };
		822586891D88C31D0047C716 /* aDoctor.xcdatamodel */ = {isa = PBXFileReference; lastKnownFileType = wrapper.xcdatamodel; path = aDoctor.xcdatamodel; sourceTree = "<group>"; };
		8225868B1D88C31D0047C716 /* Assets.xcassets */ = {isa = PBXFileReference; lastKnownFileType = folder.assetcatalog; path = Assets.xcassets; sourceTree = "<group>"; };
		8225868E1D88C31D0047C716 /* Base */ = {isa = PBXFileReference; lastKnownFileType = file.storyboard; name = Base; path = Base.lproj/LaunchScreen.storyboard; sourceTree = "<group>"; };
		822586901D88C31D0047C716 /* Info.plist */ = {isa = PBXFileReference; lastKnownFileType = text.plist.xml; path = Info.plist; sourceTree = "<group>"; };
		82297E661D99D4290082E0AC /* LoginVC.h */ = {isa = PBXFileReference; fileEncoding = 4; lastKnownFileType = sourcecode.c.h; name = LoginVC.h; path = ../LoginVC.h; sourceTree = "<group>"; };
		82297E671D99D4290082E0AC /* LoginVC.m */ = {isa = PBXFileReference; fileEncoding = 4; lastKnownFileType = sourcecode.c.objc; name = LoginVC.m; path = ../LoginVC.m; sourceTree = "<group>"; };
		82297E6C1D9AC6870082E0AC /* PatientsVC.h */ = {isa = PBXFileReference; fileEncoding = 4; lastKnownFileType = sourcecode.c.h; path = PatientsVC.h; sourceTree = "<group>"; };
		82297E6D1D9AC6870082E0AC /* PatientsVC.m */ = {isa = PBXFileReference; fileEncoding = 4; lastKnownFileType = sourcecode.c.objc; path = PatientsVC.m; sourceTree = "<group>"; };
		8249729A1D9DA32E00016A58 /* CalendarVC.h */ = {isa = PBXFileReference; fileEncoding = 4; lastKnownFileType = sourcecode.c.h; path = CalendarVC.h; sourceTree = "<group>"; };
		8249729B1D9DA32E00016A58 /* CalendarVC.m */ = {isa = PBXFileReference; fileEncoding = 4; lastKnownFileType = sourcecode.c.objc; path = CalendarVC.m; sourceTree = "<group>"; };
		824972B81D9DBC3800016A58 /* CALayer+FSExtension.h */ = {isa = PBXFileReference; fileEncoding = 4; lastKnownFileType = sourcecode.c.h; path = "CALayer+FSExtension.h"; sourceTree = "<group>"; };
		824972B91D9DBC3800016A58 /* CALayer+FSExtension.m */ = {isa = PBXFileReference; fileEncoding = 4; lastKnownFileType = sourcecode.c.objc; path = "CALayer+FSExtension.m"; sourceTree = "<group>"; };
		824972BA1D9DBC3800016A58 /* FSCalendar+Deprecated.m */ = {isa = PBXFileReference; fileEncoding = 4; lastKnownFileType = sourcecode.c.objc; path = "FSCalendar+Deprecated.m"; sourceTree = "<group>"; };
		824972BB1D9DBC3800016A58 /* FSCalendar+IBExtension.h */ = {isa = PBXFileReference; fileEncoding = 4; lastKnownFileType = sourcecode.c.h; path = "FSCalendar+IBExtension.h"; sourceTree = "<group>"; };
		824972BC1D9DBC3800016A58 /* FSCalendar+IBExtension.m */ = {isa = PBXFileReference; fileEncoding = 4; lastKnownFileType = sourcecode.c.objc; path = "FSCalendar+IBExtension.m"; sourceTree = "<group>"; };
		824972BD1D9DBC3800016A58 /* FSCalendar.h */ = {isa = PBXFileReference; fileEncoding = 4; lastKnownFileType = sourcecode.c.h; path = FSCalendar.h; sourceTree = "<group>"; };
		824972BE1D9DBC3800016A58 /* FSCalendar.m */ = {isa = PBXFileReference; fileEncoding = 4; lastKnownFileType = sourcecode.c.objc; path = FSCalendar.m; sourceTree = "<group>"; };
		824972BF1D9DBC3800016A58 /* FSCalendarAnimator.h */ = {isa = PBXFileReference; fileEncoding = 4; lastKnownFileType = sourcecode.c.h; path = FSCalendarAnimator.h; sourceTree = "<group>"; };
		824972C01D9DBC3800016A58 /* FSCalendarAnimator.m */ = {isa = PBXFileReference; fileEncoding = 4; lastKnownFileType = sourcecode.c.objc; path = FSCalendarAnimator.m; sourceTree = "<group>"; };
		824972C11D9DBC3800016A58 /* FSCalendarAppearance.h */ = {isa = PBXFileReference; fileEncoding = 4; lastKnownFileType = sourcecode.c.h; path = FSCalendarAppearance.h; sourceTree = "<group>"; };
		824972C21D9DBC3800016A58 /* FSCalendarAppearance.m */ = {isa = PBXFileReference; fileEncoding = 4; lastKnownFileType = sourcecode.c.objc; path = FSCalendarAppearance.m; sourceTree = "<group>"; };
		824972C31D9DBC3800016A58 /* FSCalendarCell.h */ = {isa = PBXFileReference; fileEncoding = 4; lastKnownFileType = sourcecode.c.h; path = FSCalendarCell.h; sourceTree = "<group>"; };
		824972C41D9DBC3800016A58 /* FSCalendarCell.m */ = {isa = PBXFileReference; fileEncoding = 4; lastKnownFileType = sourcecode.c.objc; path = FSCalendarCell.m; sourceTree = "<group>"; };
		824972C51D9DBC3800016A58 /* FSCalendarCollectionView.h */ = {isa = PBXFileReference; fileEncoding = 4; lastKnownFileType = sourcecode.c.h; path = FSCalendarCollectionView.h; sourceTree = "<group>"; };
		824972C61D9DBC3800016A58 /* FSCalendarCollectionView.m */ = {isa = PBXFileReference; fileEncoding = 4; lastKnownFileType = sourcecode.c.objc; path = FSCalendarCollectionView.m; sourceTree = "<group>"; };
		824972C71D9DBC3800016A58 /* FSCalendarConstance.h */ = {isa = PBXFileReference; fileEncoding = 4; lastKnownFileType = sourcecode.c.h; path = FSCalendarConstance.h; sourceTree = "<group>"; };
		824972C81D9DBC3800016A58 /* FSCalendarConstance.m */ = {isa = PBXFileReference; fileEncoding = 4; lastKnownFileType = sourcecode.c.objc; path = FSCalendarConstance.m; sourceTree = "<group>"; };
		824972C91D9DBC3800016A58 /* FSCalendarDynamicHeader.h */ = {isa = PBXFileReference; fileEncoding = 4; lastKnownFileType = sourcecode.c.h; path = FSCalendarDynamicHeader.h; sourceTree = "<group>"; };
		824972CA1D9DBC3800016A58 /* FSCalendarEventIndicator.h */ = {isa = PBXFileReference; fileEncoding = 4; lastKnownFileType = sourcecode.c.h; path = FSCalendarEventIndicator.h; sourceTree = "<group>"; };
		824972CB1D9DBC3800016A58 /* FSCalendarEventIndicator.m */ = {isa = PBXFileReference; fileEncoding = 4; lastKnownFileType = sourcecode.c.objc; path = FSCalendarEventIndicator.m; sourceTree = "<group>"; };
		824972CC1D9DBC3800016A58 /* FSCalendarFlowLayout.h */ = {isa = PBXFileReference; fileEncoding = 4; lastKnownFileType = sourcecode.c.h; path = FSCalendarFlowLayout.h; sourceTree = "<group>"; };
		824972CD1D9DBC3800016A58 /* FSCalendarFlowLayout.m */ = {isa = PBXFileReference; fileEncoding = 4; lastKnownFileType = sourcecode.c.objc; path = FSCalendarFlowLayout.m; sourceTree = "<group>"; };
		824972CE1D9DBC3800016A58 /* FSCalendarHeader.h */ = {isa = PBXFileReference; fileEncoding = 4; lastKnownFileType = sourcecode.c.h; path = FSCalendarHeader.h; sourceTree = "<group>"; };
		824972CF1D9DBC3800016A58 /* FSCalendarHeader.m */ = {isa = PBXFileReference; fileEncoding = 4; lastKnownFileType = sourcecode.c.objc; path = FSCalendarHeader.m; sourceTree = "<group>"; };
		824972D01D9DBC3800016A58 /* FSCalendarScopeHandle.h */ = {isa = PBXFileReference; fileEncoding = 4; lastKnownFileType = sourcecode.c.h; path = FSCalendarScopeHandle.h; sourceTree = "<group>"; };
		824972D11D9DBC3800016A58 /* FSCalendarScopeHandle.m */ = {isa = PBXFileReference; fileEncoding = 4; lastKnownFileType = sourcecode.c.objc; path = FSCalendarScopeHandle.m; sourceTree = "<group>"; };
		824972D21D9DBC3800016A58 /* FSCalendarStickyHeader.h */ = {isa = PBXFileReference; fileEncoding = 4; lastKnownFileType = sourcecode.c.h; path = FSCalendarStickyHeader.h; sourceTree = "<group>"; };
		824972D31D9DBC3800016A58 /* FSCalendarStickyHeader.m */ = {isa = PBXFileReference; fileEncoding = 4; lastKnownFileType = sourcecode.c.objc; path = FSCalendarStickyHeader.m; sourceTree = "<group>"; };
		824972D41D9DBC3800016A58 /* Info.plist */ = {isa = PBXFileReference; fileEncoding = 4; lastKnownFileType = text.plist.xml; path = Info.plist; sourceTree = "<group>"; };
		824972D51D9DBC3800016A58 /* NSObject+FSExtension.h */ = {isa = PBXFileReference; fileEncoding = 4; lastKnownFileType = sourcecode.c.h; path = "NSObject+FSExtension.h"; sourceTree = "<group>"; };
		824972D61D9DBC3800016A58 /* NSObject+FSExtension.m */ = {isa = PBXFileReference; fileEncoding = 4; lastKnownFileType = sourcecode.c.objc; path = "NSObject+FSExtension.m"; sourceTree = "<group>"; };
		824972D71D9DBC3800016A58 /* UIView+FSExtension.h */ = {isa = PBXFileReference; fileEncoding = 4; lastKnownFileType = sourcecode.c.h; path = "UIView+FSExtension.h"; sourceTree = "<group>"; };
		824972D81D9DBC3800016A58 /* UIView+FSExtension.m */ = {isa = PBXFileReference; fileEncoding = 4; lastKnownFileType = sourcecode.c.objc; path = "UIView+FSExtension.m"; sourceTree = "<group>"; };
		827DF7631DA0A136002EDFDB /* NewAppointmentVC.h */ = {isa = PBXFileReference; fileEncoding = 4; lastKnownFileType = sourcecode.c.h; name = NewAppointmentVC.h; path = ../NewAppointmentVC.h; sourceTree = "<group>"; };
		827DF7641DA0A136002EDFDB /* NewAppointmentVC.m */ = {isa = PBXFileReference; fileEncoding = 4; lastKnownFileType = sourcecode.c.objc; name = NewAppointmentVC.m; path = ../NewAppointmentVC.m; sourceTree = "<group>"; };
		827DF7681DA1873A002EDFDB /* NewPatientVC.h */ = {isa = PBXFileReference; fileEncoding = 4; lastKnownFileType = sourcecode.c.h; path = NewPatientVC.h; sourceTree = "<group>"; };
		827DF7691DA1873A002EDFDB /* NewPatientVC.m */ = {isa = PBXFileReference; fileEncoding = 4; lastKnownFileType = sourcecode.c.objc; path = NewPatientVC.m; sourceTree = "<group>"; };
/* End PBXFileReference section */

/* Begin PBXFrameworksBuildPhase section */
		822586761D88C31D0047C716 /* Frameworks */ = {
			isa = PBXFrameworksBuildPhase;
			buildActionMask = 2147483647;
			files = (
			);
			runOnlyForDeploymentPostprocessing = 0;
		};
/* End PBXFrameworksBuildPhase section */

/* Begin PBXGroup section */
		822586701D88C31D0047C716 = {
			isa = PBXGroup;
			children = (
				8225867B1D88C31D0047C716 /* aDoctor */,
				8225867A1D88C31D0047C716 /* Products */,
			);
			sourceTree = "<group>";
		};
		8225867A1D88C31D0047C716 /* Products */ = {
			isa = PBXGroup;
			children = (
				822586791D88C31D0047C716 /* aDoctor.app */,
			);
			name = Products;
			sourceTree = "<group>";
		};
		8225867B1D88C31D0047C716 /* aDoctor */ = {
			isa = PBXGroup;
			children = (
				822586851D88C31D0047C716 /* Main.storyboard */,
				82297E661D99D4290082E0AC /* LoginVC.h */,
				82297E671D99D4290082E0AC /* LoginVC.m */,
				8249729A1D9DA32E00016A58 /* CalendarVC.h */,
				8249729B1D9DA32E00016A58 /* CalendarVC.m */,
				827DF7631DA0A136002EDFDB /* NewAppointmentVC.h */,
				827DF7641DA0A136002EDFDB /* NewAppointmentVC.m */,
				82297E6C1D9AC6870082E0AC /* PatientsVC.h */,
				82297E6D1D9AC6870082E0AC /* PatientsVC.m */,
				827DF7681DA1873A002EDFDB /* NewPatientVC.h */,
				827DF7691DA1873A002EDFDB /* NewPatientVC.m */,
				820688751D9B452A008C1B7C /* PatientVC.h */,
				820688761D9B452A008C1B7C /* PatientVC.m */,
				820688781D9B8708008C1B7C /* ReviewsVC.h */,
				820688791D9B8708008C1B7C /* ReviewsVC.m */,
				824972971D9D8F6000016A58 /* 3rd party code */,
				8225867C1D88C31D0047C716 /* Supporting Files */,
			);
			path = aDoctor;
			sourceTree = "<group>";
		};
		8225867C1D88C31D0047C716 /* Supporting Files */ = {
			isa = PBXGroup;
			children = (
				8225868B1D88C31D0047C716 /* Assets.xcassets */,
				8225867F1D88C31D0047C716 /* AppDelegate.h */,
				822586801D88C31D0047C716 /* AppDelegate.m */,
				8225867D1D88C31D0047C716 /* main.m */,
				8225868D1D88C31D0047C716 /* LaunchScreen.storyboard */,
				822586901D88C31D0047C716 /* Info.plist */,
				822586881D88C31D0047C716 /* aDoctor.xcdatamodeld */,
			);
			name = "Supporting Files";
			sourceTree = "<group>";
		};
		824972971D9D8F6000016A58 /* 3rd party code */ = {
			isa = PBXGroup;
			children = (
				824972B71D9DBC3800016A58 /* Calendar */,
			);
			name = "3rd party code";
			sourceTree = "<group>";
		};
		824972B71D9DBC3800016A58 /* Calendar */ = {
			isa = PBXGroup;
			children = (
				824972B81D9DBC3800016A58 /* CALayer+FSExtension.h */,
				824972B91D9DBC3800016A58 /* CALayer+FSExtension.m */,
				824972BA1D9DBC3800016A58 /* FSCalendar+Deprecated.m */,
				824972BB1D9DBC3800016A58 /* FSCalendar+IBExtension.h */,
				824972BC1D9DBC3800016A58 /* FSCalendar+IBExtension.m */,
				824972BD1D9DBC3800016A58 /* FSCalendar.h */,
				824972BE1D9DBC3800016A58 /* FSCalendar.m */,
				824972BF1D9DBC3800016A58 /* FSCalendarAnimator.h */,
				824972C01D9DBC3800016A58 /* FSCalendarAnimator.m */,
				824972C11D9DBC3800016A58 /* FSCalendarAppearance.h */,
				824972C21D9DBC3800016A58 /* FSCalendarAppearance.m */,
				824972C31D9DBC3800016A58 /* FSCalendarCell.h */,
				824972C41D9DBC3800016A58 /* FSCalendarCell.m */,
				824972C51D9DBC3800016A58 /* FSCalendarCollectionView.h */,
				824972C61D9DBC3800016A58 /* FSCalendarCollectionView.m */,
				824972C71D9DBC3800016A58 /* FSCalendarConstance.h */,
				824972C81D9DBC3800016A58 /* FSCalendarConstance.m */,
				824972C91D9DBC3800016A58 /* FSCalendarDynamicHeader.h */,
				824972CA1D9DBC3800016A58 /* FSCalendarEventIndicator.h */,
				824972CB1D9DBC3800016A58 /* FSCalendarEventIndicator.m */,
				824972CC1D9DBC3800016A58 /* FSCalendarFlowLayout.h */,
				824972CD1D9DBC3800016A58 /* FSCalendarFlowLayout.m */,
				824972CE1D9DBC3800016A58 /* FSCalendarHeader.h */,
				824972CF1D9DBC3800016A58 /* FSCalendarHeader.m */,
				824972D01D9DBC3800016A58 /* FSCalendarScopeHandle.h */,
				824972D11D9DBC3800016A58 /* FSCalendarScopeHandle.m */,
				824972D21D9DBC3800016A58 /* FSCalendarStickyHeader.h */,
				824972D31D9DBC3800016A58 /* FSCalendarStickyHeader.m */,
				824972D41D9DBC3800016A58 /* Info.plist */,
				824972D51D9DBC3800016A58 /* NSObject+FSExtension.h */,
				824972D61D9DBC3800016A58 /* NSObject+FSExtension.m */,
				824972D71D9DBC3800016A58 /* UIView+FSExtension.h */,
				824972D81D9DBC3800016A58 /* UIView+FSExtension.m */,
			);
			name = Calendar;
			path = ../FSCalendar;
			sourceTree = "<group>";
		};
/* End PBXGroup section */

/* Begin PBXNativeTarget section */
		822586781D88C31D0047C716 /* aDoctor */ = {
			isa = PBXNativeTarget;
			buildConfigurationList = 822586931D88C31D0047C716 /* Build configuration list for PBXNativeTarget "aDoctor" */;
			buildPhases = (
				822586751D88C31D0047C716 /* Sources */,
				822586761D88C31D0047C716 /* Frameworks */,
				822586771D88C31D0047C716 /* Resources */,
			);
			buildRules = (
			);
			dependencies = (
			);
			name = aDoctor;
			productName = aDoctor;
			productReference = 822586791D88C31D0047C716 /* aDoctor.app */;
			productType = "com.apple.product-type.application";
		};
/* End PBXNativeTarget section */

/* Begin PBXProject section */
		822586711D88C31D0047C716 /* Project object */ = {
			isa = PBXProject;
			attributes = {
				LastUpgradeCheck = 0800;
				ORGANIZATIONNAME = "David Iskander";
				TargetAttributes = {
					822586781D88C31D0047C716 = {
						CreatedOnToolsVersion = 8.0;
						DevelopmentTeam = PN5D3T49DB;
						ProvisioningStyle = Automatic;
					};
				};
			};
			buildConfigurationList = 822586741D88C31D0047C716 /* Build configuration list for PBXProject "aDoctor" */;
			compatibilityVersion = "Xcode 3.2";
			developmentRegion = English;
			hasScannedForEncodings = 0;
			knownRegions = (
				en,
				Base,
			);
			mainGroup = 822586701D88C31D0047C716;
			productRefGroup = 8225867A1D88C31D0047C716 /* Products */;
			projectDirPath = "";
			projectRoot = "";
			targets = (
				822586781D88C31D0047C716 /* aDoctor */,
			);
		};
/* End PBXProject section */

/* Begin PBXResourcesBuildPhase section */
		822586771D88C31D0047C716 /* Resources */ = {
			isa = PBXResourcesBuildPhase;
			buildActionMask = 2147483647;
			files = (
				824972E71D9DBC3800016A58 /* Info.plist in Resources */,
				8225868F1D88C31D0047C716 /* LaunchScreen.storyboard in Resources */,
				8225868C1D88C31D0047C716 /* Assets.xcassets in Resources */,
				822586871D88C31D0047C716 /* Main.storyboard in Resources */,
			);
			runOnlyForDeploymentPostprocessing = 0;
		};
/* End PBXResourcesBuildPhase section */

/* Begin PBXSourcesBuildPhase section */
		822586751D88C31D0047C716 /* Sources */ = {
			isa = PBXSourcesBuildPhase;
			buildActionMask = 2147483647;
			files = (
				820688771D9B452A008C1B7C /* PatientVC.m in Sources */,
				824972E21D9DBC3800016A58 /* FSCalendarEventIndicator.m in Sources */,
				824972E51D9DBC3800016A58 /* FSCalendarScopeHandle.m in Sources */,
				824972DA1D9DBC3800016A58 /* FSCalendar+Deprecated.m in Sources */,
				827DF7651DA0A136002EDFDB /* NewAppointmentVC.m in Sources */,
				824972E61D9DBC3800016A58 /* FSCalendarStickyHeader.m in Sources */,
				824972E81D9DBC3800016A58 /* NSObject+FSExtension.m in Sources */,
				824972DC1D9DBC3800016A58 /* FSCalendar.m in Sources */,
				824972DB1D9DBC3800016A58 /* FSCalendar+IBExtension.m in Sources */,
				82297E6E1D9AC6870082E0AC /* PatientsVC.m in Sources */,
				824972D91D9DBC3800016A58 /* CALayer+FSExtension.m in Sources */,
				824972DE1D9DBC3800016A58 /* FSCalendarAppearance.m in Sources */,
				824972E11D9DBC3800016A58 /* FSCalendarConstance.m in Sources */,
				8249729C1D9DA32E00016A58 /* CalendarVC.m in Sources */,
				824972DD1D9DBC3800016A58 /* FSCalendarAnimator.m in Sources */,
				824972DF1D9DBC3800016A58 /* FSCalendarCell.m in Sources */,
				8225868A1D88C31D0047C716 /* aDoctor.xcdatamodeld in Sources */,
				822586811D88C31D0047C716 /* AppDelegate.m in Sources */,
				824972E91D9DBC3800016A58 /* UIView+FSExtension.m in Sources */,
				82297E681D99D4290082E0AC /* LoginVC.m in Sources */,
				8225867E1D88C31D0047C716 /* main.m in Sources */,
				8206887A1D9B8708008C1B7C /* ReviewsVC.m in Sources */,
				824972E41D9DBC3800016A58 /* FSCalendarHeader.m in Sources */,
				827DF76A1DA1873A002EDFDB /* NewPatientVC.m in Sources */,
				824972E01D9DBC3800016A58 /* FSCalendarCollectionView.m in Sources */,
				824972E31D9DBC3800016A58 /* FSCalendarFlowLayout.m in Sources */,
			);
			runOnlyForDeploymentPostprocessing = 0;
		};
/* End PBXSourcesBuildPhase section */

/* Begin PBXVariantGroup section */
		822586851D88C31D0047C716 /* Main.storyboard */ = {
			isa = PBXVariantGroup;
			children = (
				822586861D88C31D0047C716 /* Base */,
			);
			name = Main.storyboard;
			sourceTree = "<group>";
		};
		8225868D1D88C31D0047C716 /* LaunchScreen.storyboard */ = {
			isa = PBXVariantGroup;
			children = (
				8225868E1D88C31D0047C716 /* Base */,
			);
			name = LaunchScreen.storyboard;
			sourceTree = "<group>";
		};
/* End PBXVariantGroup section */

/* Begin XCBuildConfiguration section */
		822586911D88C31D0047C716 /* Debug */ = {
			isa = XCBuildConfiguration;
			buildSettings = {
				ALWAYS_SEARCH_USER_PATHS = NO;
				CLANG_ANALYZER_NONNULL = YES;
				CLANG_CXX_LANGUAGE_STANDARD = "gnu++0x";
				CLANG_CXX_LIBRARY = "libc++";
				CLANG_ENABLE_MODULES = YES;
				CLANG_ENABLE_OBJC_ARC = YES;
				CLANG_WARN_BOOL_CONVERSION = YES;
				CLANG_WARN_CONSTANT_CONVERSION = YES;
				CLANG_WARN_DIRECT_OBJC_ISA_USAGE = YES_ERROR;
				CLANG_WARN_DOCUMENTATION_COMMENTS = YES;
				CLANG_WARN_EMPTY_BODY = YES;
				CLANG_WARN_ENUM_CONVERSION = YES;
				CLANG_WARN_INFINITE_RECURSION = YES;
				CLANG_WARN_INT_CONVERSION = YES;
				CLANG_WARN_OBJC_ROOT_CLASS = YES_ERROR;
				CLANG_WARN_SUSPICIOUS_MOVES = YES;
				CLANG_WARN_UNREACHABLE_CODE = YES;
				CLANG_WARN__DUPLICATE_METHOD_MATCH = YES;
				"CODE_SIGN_IDENTITY[sdk=iphoneos*]" = "iPhone Developer";
				COPY_PHASE_STRIP = NO;
				DEBUG_INFORMATION_FORMAT = dwarf;
				ENABLE_STRICT_OBJC_MSGSEND = YES;
				ENABLE_TESTABILITY = YES;
				GCC_C_LANGUAGE_STANDARD = gnu99;
				GCC_DYNAMIC_NO_PIC = NO;
				GCC_NO_COMMON_BLOCKS = YES;
				GCC_OPTIMIZATION_LEVEL = 0;
				GCC_PREPROCESSOR_DEFINITIONS = (
					"DEBUG=1",
					"$(inherited)",
				);
				GCC_WARN_64_TO_32_BIT_CONVERSION = YES;
				GCC_WARN_ABOUT_RETURN_TYPE = YES_ERROR;
				GCC_WARN_UNDECLARED_SELECTOR = YES;
				GCC_WARN_UNINITIALIZED_AUTOS = YES_AGGRESSIVE;
				GCC_WARN_UNUSED_FUNCTION = YES;
				GCC_WARN_UNUSED_VARIABLE = YES;
				IPHONEOS_DEPLOYMENT_TARGET = 10.0;
				MTL_ENABLE_DEBUG_INFO = YES;
				ONLY_ACTIVE_ARCH = YES;
				SDKROOT = iphoneos;
			};
			name = Debug;
		};
		822586921D88C31D0047C716 /* Release */ = {
			isa = XCBuildConfiguration;
			buildSettings = {
				ALWAYS_SEARCH_USER_PATHS = NO;
				CLANG_ANALYZER_NONNULL = YES;
				CLANG_CXX_LANGUAGE_STANDARD = "gnu++0x";
				CLANG_CXX_LIBRARY = "libc++";
				CLANG_ENABLE_MODULES = YES;
				CLANG_ENABLE_OBJC_ARC = YES;
				CLANG_WARN_BOOL_CONVERSION = YES;
				CLANG_WARN_CONSTANT_CONVERSION = YES;
				CLANG_WARN_DIRECT_OBJC_ISA_USAGE = YES_ERROR;
				CLANG_WARN_DOCUMENTATION_COMMENTS = YES;
				CLANG_WARN_EMPTY_BODY = YES;
				CLANG_WARN_ENUM_CONVERSION = YES;
				CLANG_WARN_INFINITE_RECURSION = YES;
				CLANG_WARN_INT_CONVERSION = YES;
				CLANG_WARN_OBJC_ROOT_CLASS = YES_ERROR;
				CLANG_WARN_SUSPICIOUS_MOVES = YES;
				CLANG_WARN_UNREACHABLE_CODE = YES;
				CLANG_WARN__DUPLICATE_METHOD_MATCH = YES;
				"CODE_SIGN_IDENTITY[sdk=iphoneos*]" = "iPhone Developer";
				COPY_PHASE_STRIP = NO;
				DEBUG_INFORMATION_FORMAT = "dwarf-with-dsym";
				ENABLE_NS_ASSERTIONS = NO;
				ENABLE_STRICT_OBJC_MSGSEND = YES;
				GCC_C_LANGUAGE_STANDARD = gnu99;
				GCC_NO_COMMON_BLOCKS = YES;
				GCC_WARN_64_TO_32_BIT_CONVERSION = YES;
				GCC_WARN_ABOUT_RETURN_TYPE = YES_ERROR;
				GCC_WARN_UNDECLARED_SELECTOR = YES;
				GCC_WARN_UNINITIALIZED_AUTOS = YES_AGGRESSIVE;
				GCC_WARN_UNUSED_FUNCTION = YES;
				GCC_WARN_UNUSED_VARIABLE = YES;
				IPHONEOS_DEPLOYMENT_TARGET = 10.0;
				MTL_ENABLE_DEBUG_INFO = NO;
				SDKROOT = iphoneos;
				VALIDATE_PRODUCT = YES;
			};
			name = Release;
		};
		822586941D88C31D0047C716 /* Debug */ = {
			isa = XCBuildConfiguration;
			buildSettings = {
				ASSETCATALOG_COMPILER_APPICON_NAME = AppIcon;
				DEVELOPMENT_TEAM = PN5D3T49DB;
				INFOPLIST_FILE = aDoctor/Info.plist;
				LD_RUNPATH_SEARCH_PATHS = "$(inherited) @executable_path/Frameworks";
				PRODUCT_BUNDLE_IDENTIFIER = diskander.aDoctor;
				PRODUCT_NAME = "$(TARGET_NAME)";
				TARGETED_DEVICE_FAMILY = "1,2";
			};
			name = Debug;
		};
		822586951D88C31D0047C716 /* Release */ = {
			isa = XCBuildConfiguration;
			buildSettings = {
				ASSETCATALOG_COMPILER_APPICON_NAME = AppIcon;
				DEVELOPMENT_TEAM = PN5D3T49DB;
				INFOPLIST_FILE = aDoctor/Info.plist;
				LD_RUNPATH_SEARCH_PATHS = "$(inherited) @executable_path/Frameworks";
				PRODUCT_BUNDLE_IDENTIFIER = diskander.aDoctor;
				PRODUCT_NAME = "$(TARGET_NAME)";
				TARGETED_DEVICE_FAMILY = "1,2";
			};
			name = Release;
		};
/* End XCBuildConfiguration section */

/* Begin XCConfigurationList section */
		822586741D88C31D0047C716 /* Build configuration list for PBXProject "aDoctor" */ = {
			isa = XCConfigurationList;
			buildConfigurations = (
				822586911D88C31D0047C716 /* Debug */,
				822586921D88C31D0047C716 /* Release */,
			);
			defaultConfigurationIsVisible = 0;
			defaultConfigurationName = Release;
		};
		822586931D88C31D0047C716 /* Build configuration list for PBXNativeTarget "aDoctor" */ = {
			isa = XCConfigurationList;
			buildConfigurations = (
				822586941D88C31D0047C716 /* Debug */,
				822586951D88C31D0047C716 /* Release */,
			);
			defaultConfigurationIsVisible = 0;
			defaultConfigurationName = Release;
		};
/* End XCConfigurationList section */

/* Begin XCVersionGroup section */
		822586881D88C31D0047C716 /* aDoctor.xcdatamodeld */ = {
			isa = XCVersionGroup;
			children = (
				822586891D88C31D0047C716 /* aDoctor.xcdatamodel */,
			);
			currentVersion = 822586891D88C31D0047C716 /* aDoctor.xcdatamodel */;
			path = aDoctor.xcdatamodeld;
			sourceTree = "<group>";
			versionGroupType = wrapper.xcdatamodel;
		};
/* End XCVersionGroup section */
	};
	rootObject = 822586711D88C31D0047C716 /* Project object */;
}
