// !$*UTF8*$!
{
	archiveVersion = 1;
	classes = {
	};
	objectVersion = 46;
	objects = {

/* Begin PBXBuildFile section */
		820688771D9B452A008C1B7C /* PatientVC.m in Sources */ = {isa = PBXBuildFile; fileRef = 820688761D9B452A008C1B7C /* PatientVC.m */; };
		8206887A1D9B8708008C1B7C /* ReviewsVC.m in Sources */ = {isa = PBXBuildFile; fileRef = 820688791D9B8708008C1B7C /* ReviewsVC.m */; };
		8225867E1D88C31D0047C716 /* main.m in Sources */ = {isa = PBXBuildFile; fileRef = 8225867D1D88C31D0047C716 /* main.m */; };
		822586811D88C31D0047C716 /* AppDelegate.m in Sources */ = {isa = PBXBuildFile; fileRef = 822586801D88C31D0047C716 /* AppDelegate.m */; };
		822586871D88C31D0047C716 /* Main.storyboard in Resources */ = {isa = PBXBuildFile; fileRef = 822586851D88C31D0047C716 /* Main.storyboard */; };
		8225868A1D88C31D0047C716 /* aDoctor.xcdatamodeld in Sources */ = {isa = PBXBuildFile; fileRef = 822586881D88C31D0047C716 /* aDoctor.xcdatamodeld */; };
		8225868C1D88C31D0047C716 /* Assets.xcassets in Resources */ = {isa = PBXBuildFile; fileRef = 8225868B1D88C31D0047C716 /* Assets.xcassets */; };
		8225868F1D88C31D0047C716 /* LaunchScreen.storyboard in Resources */ = {isa = PBXBuildFile; fileRef = 8225868D1D88C31D0047C716 /* LaunchScreen.storyboard */; };
		82297E681D99D4290082E0AC /* LoginVC.m in Sources */ = {isa = PBXBuildFile; fileRef = 82297E671D99D4290082E0AC /* LoginVC.m */; };
		82297E6E1D9AC6870082E0AC /* PatientsVC.m in Sources */ = {isa = PBXBuildFile; fileRef = 82297E6D1D9AC6870082E0AC /* PatientsVC.m */; };
/* End PBXBuildFile section */

/* Begin PBXFileReference section */
		820688751D9B452A008C1B7C /* PatientVC.h */ = {isa = PBXFileReference; fileEncoding = 4; lastKnownFileType = sourcecode.c.h; path = PatientVC.h; sourceTree = "<group>"; };
		820688761D9B452A008C1B7C /* PatientVC.m */ = {isa = PBXFileReference; fileEncoding = 4; lastKnownFileType = sourcecode.c.objc; path = PatientVC.m; sourceTree = "<group>"; };
		820688781D9B8708008C1B7C /* ReviewsVC.h */ = {isa = PBXFileReference; fileEncoding = 4; lastKnownFileType = sourcecode.c.h; path = ReviewsVC.h; sourceTree = "<group>"; };
		820688791D9B8708008C1B7C /* ReviewsVC.m */ = {isa = PBXFileReference; fileEncoding = 4; lastKnownFileType = sourcecode.c.objc; path = ReviewsVC.m; sourceTree = "<group>"; };
		822586791D88C31D0047C716 /* aDoctor.app */ = {isa = PBXFileReference; explicitFileType = wrapper.application; includeInIndex = 0; path = aDoctor.app; sourceTree = BUILT_PRODUCTS_DIR; };
		8225867D1D88C31D0047C716 /* main.m */ = {isa = PBXFileReference; lastKnownFileType = sourcecode.c.objc; path = main.m; sourceTree = "<group>"; };
		8225867F1D88C31D0047C716 /* AppDelegate.h */ = {isa = PBXFileReference; lastKnownFileType = sourcecode.c.h; path = AppDelegate.h; sourceTree = "<group>"; };
		822586801D88C31D0047C716 /* AppDelegate.m */ = {isa = PBXFileReference; lastKnownFileType = sourcecode.c.objc; path = AppDelegate.m; sourceTree = "<group>"; };
		822586861D88C31D0047C716 /* Base */ = {isa = PBXFileReference; lastKnownFileType = file.storyboard; name = Base; path = Base.lproj/Main.storyboard; sourceTree = "<group>"; };
		822586891D88C31D0047C716 /* aDoctor.xcdatamodel */ = {isa = PBXFileReference; lastKnownFileType = wrapper.xcdatamodel; path = aDoctor.xcdatamodel; sourceTree = "<group>"; };
		8225868B1D88C31D0047C716 /* Assets.xcassets */ = {isa = PBXFileReference; lastKnownFileType = folder.assetcatalog; path = Assets.xcassets; sourceTree = "<group>"; };
		8225868E1D88C31D0047C716 /* Base */ = {isa = PBXFileReference; lastKnownFileType = file.storyboard; name = Base; path = Base.lproj/LaunchScreen.storyboard; sourceTree = "<group>"; };
		822586901D88C31D0047C716 /* Info.plist */ = {isa = PBXFileReference; lastKnownFileType = text.plist.xml; path = Info.plist; sourceTree = "<group>"; };
		82297E661D99D4290082E0AC /* LoginVC.h */ = {isa = PBXFileReference; fileEncoding = 4; lastKnownFileType = sourcecode.c.h; name = LoginVC.h; path = ../LoginVC.h; sourceTree = "<group>"; };
		82297E671D99D4290082E0AC /* LoginVC.m */ = {isa = PBXFileReference; fileEncoding = 4; lastKnownFileType = sourcecode.c.objc; name = LoginVC.m; path = ../LoginVC.m; sourceTree = "<group>"; };
		82297E6C1D9AC6870082E0AC /* PatientsVC.h */ = {isa = PBXFileReference; fileEncoding = 4; lastKnownFileType = sourcecode.c.h; path = PatientsVC.h; sourceTree = "<group>"; };
		82297E6D1D9AC6870082E0AC /* PatientsVC.m */ = {isa = PBXFileReference; fileEncoding = 4; lastKnownFileType = sourcecode.c.objc; path = PatientsVC.m; sourceTree = "<group>"; };
/* End PBXFileReference section */

/* Begin PBXFrameworksBuildPhase section */
		822586761D88C31D0047C716 /* Frameworks */ = {
			isa = PBXFrameworksBuildPhase;
			buildActionMask = 2147483647;
			files = (
			);
			runOnlyForDeploymentPostprocessing = 0;
		};
/* End PBXFrameworksBuildPhase section */

/* Begin PBXGroup section */
		822586701D88C31D0047C716 = {
			isa = PBXGroup;
			children = (
				8225867B1D88C31D0047C716 /* aDoctor */,
				8225867A1D88C31D0047C716 /* Products */,
			);
			sourceTree = "<group>";
		};
		8225867A1D88C31D0047C716 /* Products */ = {
			isa = PBXGroup;
			children = (
				822586791D88C31D0047C716 /* aDoctor.app */,
			);
			name = Products;
			sourceTree = "<group>";
		};
		8225867B1D88C31D0047C716 /* aDoctor */ = {
			isa = PBXGroup;
			children = (
				822586851D88C31D0047C716 /* Main.storyboard */,
				82297E661D99D4290082E0AC /* LoginVC.h */,
				82297E671D99D4290082E0AC /* LoginVC.m */,
				82297E6C1D9AC6870082E0AC /* PatientsVC.h */,
				82297E6D1D9AC6870082E0AC /* PatientsVC.m */,
				820688751D9B452A008C1B7C /* PatientVC.h */,
				820688761D9B452A008C1B7C /* PatientVC.m */,
				820688781D9B8708008C1B7C /* ReviewsVC.h */,
				820688791D9B8708008C1B7C /* ReviewsVC.m */,
				8225867C1D88C31D0047C716 /* Supporting Files */,
			);
			path = aDoctor;
			sourceTree = "<group>";
		};
		8225867C1D88C31D0047C716 /* Supporting Files */ = {
			isa = PBXGroup;
			children = (
				8225868B1D88C31D0047C716 /* Assets.xcassets */,
				8225867F1D88C31D0047C716 /* AppDelegate.h */,
				822586801D88C31D0047C716 /* AppDelegate.m */,
				8225867D1D88C31D0047C716 /* main.m */,
				8225868D1D88C31D0047C716 /* LaunchScreen.storyboard */,
				822586901D88C31D0047C716 /* Info.plist */,
				822586881D88C31D0047C716 /* aDoctor.xcdatamodeld */,
			);
			name = "Supporting Files";
			sourceTree = "<group>";
		};
/* End PBXGroup section */

/* Begin PBXNativeTarget section */
		822586781D88C31D0047C716 /* aDoctor */ = {
			isa = PBXNativeTarget;
			buildConfigurationList = 822586931D88C31D0047C716 /* Build configuration list for PBXNativeTarget "aDoctor" */;
			buildPhases = (
				822586751D88C31D0047C716 /* Sources */,
				822586761D88C31D0047C716 /* Frameworks */,
				822586771D88C31D0047C716 /* Resources */,
			);
			buildRules = (
			);
			dependencies = (
			);
			name = aDoctor;
			productName = aDoctor;
			productReference = 822586791D88C31D0047C716 /* aDoctor.app */;
			productType = "com.apple.product-type.application";
		};
/* End PBXNativeTarget section */

/* Begin PBXProject section */
		822586711D88C31D0047C716 /* Project object */ = {
			isa = PBXProject;
			attributes = {
				LastUpgradeCheck = 0800;
				ORGANIZATIONNAME = "David Iskander";
				TargetAttributes = {
					822586781D88C31D0047C716 = {
						CreatedOnToolsVersion = 8.0;
						DevelopmentTeam = PN5D3T49DB;
						ProvisioningStyle = Automatic;
					};
				};
			};
			buildConfigurationList = 822586741D88C31D0047C716 /* Build configuration list for PBXProject "aDoctor" */;
			compatibilityVersion = "Xcode 3.2";
			developmentRegion = English;
			hasScannedForEncodings = 0;
			knownRegions = (
				en,
				Base,
			);
			mainGroup = 822586701D88C31D0047C716;
			productRefGroup = 8225867A1D88C31D0047C716 /* Products */;
			projectDirPath = "";
			projectRoot = "";
			targets = (
				822586781D88C31D0047C716 /* aDoctor */,
			);
		};
/* End PBXProject section */

/* Begin PBXResourcesBuildPhase section */
		822586771D88C31D0047C716 /* Resources */ = {
			isa = PBXResourcesBuildPhase;
			buildActionMask = 2147483647;
			files = (
				8225868F1D88C31D0047C716 /* LaunchScreen.storyboard in Resources */,
				8225868C1D88C31D0047C716 /* Assets.xcassets in Resources */,
				822586871D88C31D0047C716 /* Main.storyboard in Resources */,
			);
			runOnlyForDeploymentPostprocessing = 0;
		};
/* End PBXResourcesBuildPhase section */

/* Begin PBXSourcesBuildPhase section */
		822586751D88C31D0047C716 /* Sources */ = {
			isa = PBXSourcesBuildPhase;
			buildActionMask = 2147483647;
			files = (
				820688771D9B452A008C1B7C /* PatientVC.m in Sources */,
				82297E6E1D9AC6870082E0AC /* PatientsVC.m in Sources */,
				8225868A1D88C31D0047C716 /* aDoctor.xcdatamodeld in Sources */,
				822586811D88C31D0047C716 /* AppDelegate.m in Sources */,
				82297E681D99D4290082E0AC /* LoginVC.m in Sources */,
				8225867E1D88C31D0047C716 /* main.m in Sources */,
				8206887A1D9B8708008C1B7C /* ReviewsVC.m in Sources */,
			);
			runOnlyForDeploymentPostprocessing = 0;
		};
/* End PBXSourcesBuildPhase section */

/* Begin PBXVariantGroup section */
		822586851D88C31D0047C716 /* Main.storyboard */ = {
			isa = PBXVariantGroup;
			children = (
				822586861D88C31D0047C716 /* Base */,
			);
			name = Main.storyboard;
			sourceTree = "<group>";
		};
		8225868D1D88C31D0047C716 /* LaunchScreen.storyboard */ = {
			isa = PBXVariantGroup;
			children = (
				8225868E1D88C31D0047C716 /* Base */,
			);
			name = LaunchScreen.storyboard;
			sourceTree = "<group>";
		};
/* End PBXVariantGroup section */

/* Begin XCBuildConfiguration section */
		822586911D88C31D0047C716 /* Debug */ = {
			isa = XCBuildConfiguration;
			buildSettings = {
				ALWAYS_SEARCH_USER_PATHS = NO;
				CLANG_ANALYZER_NONNULL = YES;
				CLANG_CXX_LANGUAGE_STANDARD = "gnu++0x";
				CLANG_CXX_LIBRARY = "libc++";
				CLANG_ENABLE_MODULES = YES;
				CLANG_ENABLE_OBJC_ARC = YES;
				CLANG_WARN_BOOL_CONVERSION = YES;
				CLANG_WARN_CONSTANT_CONVERSION = YES;
				CLANG_WARN_DIRECT_OBJC_ISA_USAGE = YES_ERROR;
				CLANG_WARN_DOCUMENTATION_COMMENTS = YES;
				CLANG_WARN_EMPTY_BODY = YES;
				CLANG_WARN_ENUM_CONVERSION = YES;
				CLANG_WARN_INFINITE_RECURSION = YES;
				CLANG_WARN_INT_CONVERSION = YES;
				CLANG_WARN_OBJC_ROOT_CLASS = YES_ERROR;
				CLANG_WARN_SUSPICIOUS_MOVES = YES;
				CLANG_WARN_UNREACHABLE_CODE = YES;
				CLANG_WARN__DUPLICATE_METHOD_MATCH = YES;
				"CODE_SIGN_IDENTITY[sdk=iphoneos*]" = "iPhone Developer";
				COPY_PHASE_STRIP = NO;
				DEBUG_INFORMATION_FORMAT = dwarf;
				ENABLE_STRICT_OBJC_MSGSEND = YES;
				ENABLE_TESTABILITY = YES;
				GCC_C_LANGUAGE_STANDARD = gnu99;
				GCC_DYNAMIC_NO_PIC = NO;
				GCC_NO_COMMON_BLOCKS = YES;
				GCC_OPTIMIZATION_LEVEL = 0;
				GCC_PREPROCESSOR_DEFINITIONS = (
					"DEBUG=1",
					"$(inherited)",
				);
				GCC_WARN_64_TO_32_BIT_CONVERSION = YES;
				GCC_WARN_ABOUT_RETURN_TYPE = YES_ERROR;
				GCC_WARN_UNDECLARED_SELECTOR = YES;
				GCC_WARN_UNINITIALIZED_AUTOS = YES_AGGRESSIVE;
				GCC_WARN_UNUSED_FUNCTION = YES;
				GCC_WARN_UNUSED_VARIABLE = YES;
				IPHONEOS_DEPLOYMENT_TARGET = 10.0;
				MTL_ENABLE_DEBUG_INFO = YES;
				ONLY_ACTIVE_ARCH = YES;
				SDKROOT = iphoneos;
			};
			name = Debug;
		};
		822586921D88C31D0047C716 /* Release */ = {
			isa = XCBuildConfiguration;
			buildSettings = {
				ALWAYS_SEARCH_USER_PATHS = NO;
				CLANG_ANALYZER_NONNULL = YES;
				CLANG_CXX_LANGUAGE_STANDARD = "gnu++0x";
				CLANG_CXX_LIBRARY = "libc++";
				CLANG_ENABLE_MODULES = YES;
				CLANG_ENABLE_OBJC_ARC = YES;
				CLANG_WARN_BOOL_CONVERSION = YES;
				CLANG_WARN_CONSTANT_CONVERSION = YES;
				CLANG_WARN_DIRECT_OBJC_ISA_USAGE = YES_ERROR;
				CLANG_WARN_DOCUMENTATION_COMMENTS = YES;
				CLANG_WARN_EMPTY_BODY = YES;
				CLANG_WARN_ENUM_CONVERSION = YES;
				CLANG_WARN_INFINITE_RECURSION = YES;
				CLANG_WARN_INT_CONVERSION = YES;
				CLANG_WARN_OBJC_ROOT_CLASS = YES_ERROR;
				CLANG_WARN_SUSPICIOUS_MOVES = YES;
				CLANG_WARN_UNREACHABLE_CODE = YES;
				CLANG_WARN__DUPLICATE_METHOD_MATCH = YES;
				"CODE_SIGN_IDENTITY[sdk=iphoneos*]" = "iPhone Developer";
				COPY_PHASE_STRIP = NO;
				DEBUG_INFORMATION_FORMAT = "dwarf-with-dsym";
				ENABLE_NS_ASSERTIONS = NO;
				ENABLE_STRICT_OBJC_MSGSEND = YES;
				GCC_C_LANGUAGE_STANDARD = gnu99;
				GCC_NO_COMMON_BLOCKS = YES;
				GCC_WARN_64_TO_32_BIT_CONVERSION = YES;
				GCC_WARN_ABOUT_RETURN_TYPE = YES_ERROR;
				GCC_WARN_UNDECLARED_SELECTOR = YES;
				GCC_WARN_UNINITIALIZED_AUTOS = YES_AGGRESSIVE;
				GCC_WARN_UNUSED_FUNCTION = YES;
				GCC_WARN_UNUSED_VARIABLE = YES;
				IPHONEOS_DEPLOYMENT_TARGET = 10.0;
				MTL_ENABLE_DEBUG_INFO = NO;
				SDKROOT = iphoneos;
				VALIDATE_PRODUCT = YES;
			};
			name = Release;
		};
		822586941D88C31D0047C716 /* Debug */ = {
			isa = XCBuildConfiguration;
			buildSettings = {
				ASSETCATALOG_COMPILER_APPICON_NAME = AppIcon;
				DEVELOPMENT_TEAM = PN5D3T49DB;
				INFOPLIST_FILE = aDoctor/Info.plist;
				LD_RUNPATH_SEARCH_PATHS = "$(inherited) @executable_path/Frameworks";
				PRODUCT_BUNDLE_IDENTIFIER = diskander.aDoctor;
				PRODUCT_NAME = "$(TARGET_NAME)";
				TARGETED_DEVICE_FAMILY = "1,2";
			};
			name = Debug;
		};
		822586951D88C31D0047C716 /* Release */ = {
			isa = XCBuildConfiguration;
			buildSettings = {
				ASSETCATALOG_COMPILER_APPICON_NAME = AppIcon;
				DEVELOPMENT_TEAM = PN5D3T49DB;
				INFOPLIST_FILE = aDoctor/Info.plist;
				LD_RUNPATH_SEARCH_PATHS = "$(inherited) @executable_path/Frameworks";
				PRODUCT_BUNDLE_IDENTIFIER = diskander.aDoctor;
				PRODUCT_NAME = "$(TARGET_NAME)";
				TARGETED_DEVICE_FAMILY = "1,2";
			};
			name = Release;
		};
/* End XCBuildConfiguration section */

/* Begin XCConfigurationList section */
		822586741D88C31D0047C716 /* Build configuration list for PBXProject "aDoctor" */ = {
			isa = XCConfigurationList;
			buildConfigurations = (
				822586911D88C31D0047C716 /* Debug */,
				822586921D88C31D0047C716 /* Release */,
			);
			defaultConfigurationIsVisible = 0;
			defaultConfigurationName = Release;
		};
		822586931D88C31D0047C716 /* Build configuration list for PBXNativeTarget "aDoctor" */ = {
			isa = XCConfigurationList;
			buildConfigurations = (
				822586941D88C31D0047C716 /* Debug */,
				822586951D88C31D0047C716 /* Release */,
			);
			defaultConfigurationIsVisible = 0;
			defaultConfigurationName = Release;
		};
/* End XCConfigurationList section */

/* Begin XCVersionGroup section */
		822586881D88C31D0047C716 /* aDoctor.xcdatamodeld */ = {
			isa = XCVersionGroup;
			children = (
				822586891D88C31D0047C716 /* aDoctor.xcdatamodel */,
			);
			currentVersion = 822586891D88C31D0047C716 /* aDoctor.xcdatamodel */;
			path = aDoctor.xcdatamodeld;
			sourceTree = "<group>";
			versionGroupType = wrapper.xcdatamodel;
		};
/* End XCVersionGroup section */
	};
	rootObject = 822586711D88C31D0047C716 /* Project object */;
}
